
Microsoft Visual Studio Solution File, Format Version 12.00
# Visual Studio Version 17
VisualStudioVersion = 17.0.31903.59
MinimumVisualStudioVersion = 10.0.40219.1
Project("{2150E333-8FDC-42A3-9474-1A3956D46DE8}") = "services", "services", "{1C92AD73-B23D-449B-B1A6-08C1E6614CE1}"
EndProject
Project("{2150E333-8FDC-42A3-9474-1A3956D46DE8}") = "Catalog", "Catalog", "{DCC36019-5D55-42B8-821E-47EADF72FF03}"
EndProject
Project("{9A19103F-16F7-4668-BE54-9A1E7A4F7556}") = "Catalog.API", "services\Catalog\Catalog.API\Catalog.API.csproj", "{D6479A55-8599-488F-9083-5B891A7E9F7A}"
EndProject
Project("{9A19103F-16F7-4668-BE54-9A1E7A4F7556}") = "Shared", "Shared\Shared.csproj", "{6DB24D32-515D-44C4-A03F-300D5AE9FB75}"
EndProject
Project("{2150E333-8FDC-42A3-9474-1A3956D46DE8}") = "Basket", "Basket", "{9FF3962F-900E-4C04-9C65-9746025805FF}"
EndProject
Project("{FAE04EC0-301F-11D3-BF4B-00C04F79EFBC}") = "Basket.API", "services\Basket\Basket.API\Basket.API.csproj", "{85C8F245-90F4-4BAA-B736-65D1AA3B0CA6}"
EndProject
Project("{2150E333-8FDC-42A3-9474-1A3956D46DE8}") = "Discount", "Discount", "{B73AB4E2-A1AF-4E01-B497-23A976D8CB84}"
EndProject
Project("{FAE04EC0-301F-11D3-BF4B-00C04F79EFBC}") = "Discount.Grpc", "services\Discount\Discount.Grpc\Discount.Grpc.csproj", "{E7A271C6-A2B0-446B-94E3-FFCDCE5E7B81}"
EndProject
Project("{2150E333-8FDC-42A3-9474-1A3956D46DE8}") = "Order", "Order", "{65230527-AC2F-4B80-85D0-92B922A4FE8D}"
EndProject
Project("{FAE04EC0-301F-11D3-BF4B-00C04F79EFBC}") = "Order.API", "services\Order\Order.API\Order.API.csproj", "{231ABD8D-4BA5-44A3-A12B-93030087B3EC}"
EndProject
Project("{FAE04EC0-301F-11D3-BF4B-00C04F79EFBC}") = "Order.App", "services\Order\Order.App\Order.App.csproj", "{C2163763-BB83-44AE-9444-6C10FB76D625}"
EndProject
Project("{FAE04EC0-301F-11D3-BF4B-00C04F79EFBC}") = "Order.Domain", "services\Order\Order.Domain\Order.Domain.csproj", "{6EAA7177-E4E6-48E0-9A50-203543490C52}"
EndProject
Project("{FAE04EC0-301F-11D3-BF4B-00C04F79EFBC}") = "Order.Infras", "services\Order\Order.Infras\Order.Infras.csproj", "{23C0ABD4-331B-40E6-9488-538224FF612A}"
EndProject
Project("{FAE04EC0-301F-11D3-BF4B-00C04F79EFBC}") = "Shared.Messaging", "Shared.Messaging\Shared.Messaging.csproj", "{BF8362E4-43D5-4074-9747-66C66C272DD3}"
EndProject
Global
	GlobalSection(SolutionConfigurationPlatforms) = preSolution
		Debug|Any CPU = Debug|Any CPU
		Release|Any CPU = Release|Any CPU
	EndGlobalSection
	GlobalSection(ProjectConfigurationPlatforms) = postSolution
		{D6479A55-8599-488F-9083-5B891A7E9F7A}.Debug|Any CPU.ActiveCfg = Debug|Any CPU
		{D6479A55-8599-488F-9083-5B891A7E9F7A}.Debug|Any CPU.Build.0 = Debug|Any CPU
		{D6479A55-8599-488F-9083-5B891A7E9F7A}.Release|Any CPU.ActiveCfg = Release|Any CPU
		{D6479A55-8599-488F-9083-5B891A7E9F7A}.Release|Any CPU.Build.0 = Release|Any CPU
		{6DB24D32-515D-44C4-A03F-300D5AE9FB75}.Debug|Any CPU.ActiveCfg = Debug|Any CPU
		{6DB24D32-515D-44C4-A03F-300D5AE9FB75}.Debug|Any CPU.Build.0 = Debug|Any CPU
		{6DB24D32-515D-44C4-A03F-300D5AE9FB75}.Release|Any CPU.ActiveCfg = Release|Any CPU
		{6DB24D32-515D-44C4-A03F-300D5AE9FB75}.Release|Any CPU.Build.0 = Release|Any CPU
		{B0AE58E7-402F-47AE-8F22-E64EB91B5101}.Debug|Any CPU.ActiveCfg = Debug|Any CPU
		{B0AE58E7-402F-47AE-8F22-E64EB91B5101}.Debug|Any CPU.Build.0 = Debug|Any CPU
		{B0AE58E7-402F-47AE-8F22-E64EB91B5101}.Release|Any CPU.ActiveCfg = Release|Any CPU
		{B0AE58E7-402F-47AE-8F22-E64EB91B5101}.Release|Any CPU.Build.0 = Release|Any CPU
		{85C8F245-90F4-4BAA-B736-65D1AA3B0CA6}.Debug|Any CPU.ActiveCfg = Debug|Any CPU
		{85C8F245-90F4-4BAA-B736-65D1AA3B0CA6}.Debug|Any CPU.Build.0 = Debug|Any CPU
		{85C8F245-90F4-4BAA-B736-65D1AA3B0CA6}.Release|Any CPU.ActiveCfg = Release|Any CPU
		{85C8F245-90F4-4BAA-B736-65D1AA3B0CA6}.Release|Any CPU.Build.0 = Release|Any CPU
		{E7A271C6-A2B0-446B-94E3-FFCDCE5E7B81}.Debug|Any CPU.ActiveCfg = Debug|Any CPU
		{E7A271C6-A2B0-446B-94E3-FFCDCE5E7B81}.Debug|Any CPU.Build.0 = Debug|Any CPU
		{E7A271C6-A2B0-446B-94E3-FFCDCE5E7B81}.Release|Any CPU.ActiveCfg = Release|Any CPU
		{E7A271C6-A2B0-446B-94E3-FFCDCE5E7B81}.Release|Any CPU.Build.0 = Release|Any CPU
		{231ABD8D-4BA5-44A3-A12B-93030087B3EC}.Debug|Any CPU.ActiveCfg = Debug|Any CPU
		{231ABD8D-4BA5-44A3-A12B-93030087B3EC}.Debug|Any CPU.Build.0 = Debug|Any CPU
		{231ABD8D-4BA5-44A3-A12B-93030087B3EC}.Release|Any CPU.ActiveCfg = Release|Any CPU
		{231ABD8D-4BA5-44A3-A12B-93030087B3EC}.Release|Any CPU.Build.0 = Release|Any CPU
		{C2163763-BB83-44AE-9444-6C10FB76D625}.Debug|Any CPU.ActiveCfg = Debug|Any CPU
		{C2163763-BB83-44AE-9444-6C10FB76D625}.Debug|Any CPU.Build.0 = Debug|Any CPU
		{C2163763-BB83-44AE-9444-6C10FB76D625}.Release|Any CPU.ActiveCfg = Release|Any CPU
		{C2163763-BB83-44AE-9444-6C10FB76D625}.Release|Any CPU.Build.0 = Release|Any CPU
		{6EAA7177-E4E6-48E0-9A50-203543490C52}.Debug|Any CPU.ActiveCfg = Debug|Any CPU
		{6EAA7177-E4E6-48E0-9A50-203543490C52}.Debug|Any CPU.Build.0 = Debug|Any CPU
		{6EAA7177-E4E6-48E0-9A50-203543490C52}.Release|Any CPU.ActiveCfg = Release|Any CPU
		{6EAA7177-E4E6-48E0-9A50-203543490C52}.Release|Any CPU.Build.0 = Release|Any CPU
		{23C0ABD4-331B-40E6-9488-538224FF612A}.Debug|Any CPU.ActiveCfg = Debug|Any CPU
		{23C0ABD4-331B-40E6-9488-538224FF612A}.Debug|Any CPU.Build.0 = Debug|Any CPU
		{23C0ABD4-331B-40E6-9488-538224FF612A}.Release|Any CPU.ActiveCfg = Release|Any CPU
		{23C0ABD4-331B-40E6-9488-538224FF612A}.Release|Any CPU.Build.0 = Release|Any CPU
		{BF8362E4-43D5-4074-9747-66C66C272DD3}.Debug|Any CPU.ActiveCfg = Debug|Any CPU
		{BF8362E4-43D5-4074-9747-66C66C272DD3}.Debug|Any CPU.Build.0 = Debug|Any CPU
		{BF8362E4-43D5-4074-9747-66C66C272DD3}.Release|Any CPU.ActiveCfg = Release|Any CPU
		{BF8362E4-43D5-4074-9747-66C66C272DD3}.Release|Any CPU.Build.0 = Release|Any CPU
	EndGlobalSection
	GlobalSection(SolutionProperties) = preSolution
		HideSolutionNode = FALSE
	EndGlobalSection
	GlobalSection(NestedProjects) = preSolution
		{DCC36019-5D55-42B8-821E-47EADF72FF03} = {1C92AD73-B23D-449B-B1A6-08C1E6614CE1}
		{D6479A55-8599-488F-9083-5B891A7E9F7A} = {DCC36019-5D55-42B8-821E-47EADF72FF03}
		{9FF3962F-900E-4C04-9C65-9746025805FF} = {1C92AD73-B23D-449B-B1A6-08C1E6614CE1}
		{85C8F245-90F4-4BAA-B736-65D1AA3B0CA6} = {9FF3962F-900E-4C04-9C65-9746025805FF}
		{B73AB4E2-A1AF-4E01-B497-23A976D8CB84} = {1C92AD73-B23D-449B-B1A6-08C1E6614CE1}
		{E7A271C6-A2B0-446B-94E3-FFCDCE5E7B81} = {B73AB4E2-A1AF-4E01-B497-23A976D8CB84}
		{65230527-AC2F-4B80-85D0-92B922A4FE8D} = {1C92AD73-B23D-449B-B1A6-08C1E6614CE1}
		{231ABD8D-4BA5-44A3-A12B-93030087B3EC} = {65230527-AC2F-4B80-85D0-92B922A4FE8D}
		{C2163763-BB83-44AE-9444-6C10FB76D625} = {65230527-AC2F-4B80-85D0-92B922A4FE8D}
		{6EAA7177-E4E6-48E0-9A50-203543490C52} = {65230527-AC2F-4B80-85D0-92B922A4FE8D}
		{23C0ABD4-331B-40E6-9488-538224FF612A} = {65230527-AC2F-4B80-85D0-92B922A4FE8D}
	EndGlobalSection
EndGlobal
